github.com/cpuguy83/go-md2man/v2 v2.0.4/go.mod h1:tgQtvFlXSQOSOSIRvRPT7W67SCa46tRHOmNcaadrF8o=
github.com/davecgh/go-spew v1.1.1 h1:vj9j/u1bqnvCEfJOwUhtlOARqs3+rkHYY13jYWTU97c=
github.com/davecgh/go-spew v1.1.1/go.mod h1:J7Y8YcW2NihsgmVo/mv3lAwl/skON4iLHjSsI+c5H38=
github.com/inconshreveable/mousetrap v1.1.0 h1:wN+x4NVGpMsO7ErUn/mUI3vEoE6Jt13X2s0bqwp9tc8=
github.com/inconshreveable/mousetrap v1.1.0/go.mod h1:vpF70FUmC8bwa3OWnCshd2FqLfsEA9PFc4w1p2J65bw=
github.com/lestrrat-go/libxml2 v0.0.0-20240905100032-c934e3fcb9d3 h1:ZIYZ0+TEddrxA2dEx4ITTBCdRqRP8Zh+8nb4tSx0nOw=
github.com/lestrrat-go/libxml2 v0.0.0-20240905100032-c934e3fcb9d3/go.mod h1:/0MMipmS+5SMXCSkulsvJwYmddKI4IL5tVy6AZMo9n0=
github.com/nyulibraries/go-ead-indexer v0.0.0-20250214004616-6c8c0b179dd3 h1:R19aiBd3KTKOgawckZoaR/ExVxbUl8rkk9S7Npe5oJs=
github.com/nyulibraries/go-ead-indexer v0.0.0-20250214004616-6c8c0b179dd3/go.mod h1:Ap1E21UFqazzlFMIAlkfSyZJJ2FHG7BEyQsihGntxas=
github.com/nyulibraries/go-ead-indexer v0.0.0-20250220044250-433fd9f5b9ec h1:nWKo4n1mIE2fz4PCc+GY10ZE8LO9C4U0jzwPgoGIsnI=
github.com/nyulibraries/go-ead-indexer v0.0.0-20250220044250-433fd9f5b9ec/go.mod h1:Ap1E21UFqazzlFMIAlkfSyZJJ2FHG7BEyQsihGntxas=
github.com/nyulibraries/go-ead-indexer v0.0.0-20250220222101-2cafdd00b051 h1:PlWRDUrD3XL9llb7LuL9ioVACQk/dlMnzXHZvpQdm9I=
github.com/nyulibraries/go-ead-indexer v0.0.0-20250220222101-2cafdd00b051/go.mod h1:Ap1E21UFqazzlFMIAlkfSyZJJ2FHG7BEyQsihGntxas=
github.com/nyulibraries/go-ead-indexer v0.0.0-20250221004203-6f4de85d630e h1:KUrVKbrIMqOQRgdxQHer/YAzNpSgAbVaauGSETLLHrk=
github.com/nyulibraries/go-ead-indexer v0.0.0-20250221004203-6f4de85d630e/go.mod h1:Ap1E21UFqazzlFMIAlkfSyZJJ2FHG7BEyQsihGntxas=
github.com/pkg/errors v0.9.1 h1:FEBLx1zS214owpjy7qsBeixbURkuhQAwrK5UwLGTwt4=
github.com/pkg/errors v0.9.1/go.mod h1:bwawxfHBFNV+L2hUp1rHADufV3IMtnDRdf1r5NINEl0=
github.com/pmezard/go-difflib v1.0.0 h1:4DBwDE0NGyQoBHbLQYPwSUPoCMWR5BEzIk/f1lZbAQM=
github.com/pmezard/go-difflib v1.0.0/go.mod h1:iKH77koFhYxTK1pcRnkKkqfTogsbg7gZNVY4sRDYZ/4=
github.com/russross/blackfriday/v2 v2.1.0/go.mod h1:+Rmxgy9KzJVeS9/2gXHxylqXiyQDYRxCVz55jmeOWTM=
github.com/spf13/cobra v1.8.1 h1:e5/vxKd/rZsfSJMUX1agtjeTDf+qv1/JdBF8gg5k9ZM=
github.com/spf13/cobra v1.8.1/go.mod h1:wHxEcudfqmLYa8iTfL+OuZPbBZkmvliBWKIezN3kD9Y=
github.com/spf13/pflag v1.0.5 h1:iy+VFUOCP1a+8yFto/drg2CJ5u0yRoB7fZw3DKv/JXA=
github.com/spf13/pflag v1.0.5/go.mod h1:McXfInJRrz4CZXVZOBLb0bTZqETkiAhM9Iw0y3An2Bg=
github.com/stretchr/testify v1.8.4 h1:CcVxjf3Q8PM0mHUKJCdn+eZZtm5yQwehR5yeSVQQcUk=
github.com/stretchr/testify v1.8.4/go.mod h1:sz/lmYIOXD/1dqDmKjjqLyZ2RngseejIcXlSw2iwfAo=
gopkg.in/check.v1 v0.0.0-20161208181325-20d25e280405/go.mod h1:Co6ibVJAznAaIkqp8huTwlJQCZ016jof/cbN4VW5Yz0=
gopkg.in/yaml.v3 v3.0.1 h1:fxVm/GzAzEWqLHuvctI91KS9hhNmmWOoWu0XTYJS7CA=
gopkg.in/yaml.v3 v3.0.1/go.mod h1:K4uyk7z7BCEPqu6E+C64Yfv1cQ7kz7rIZviUmN+EgEM=
